
Microsoft Visual Studio Solution File, Format Version 12.00
# Visual Studio Version 17
VisualStudioVersion = 17.5.33530.505
MinimumVisualStudioVersion = 10.0.40219.1
Project("{FAE04EC0-301F-11D3-BF4B-00C04F79EFBC}") = "PharmacyManagementSystem", "PharmacyManagementSystem\PharmacyManagementSystem.csproj", "{EA63CD4E-DD0D-4F95-B81B-2BB1ED89F25A}"
EndProject
Global
	GlobalSection(SolutionConfigurationPlatforms) = preSolution
		Debug|Any CPU = Debug|Any CPU
		Release|Any CPU = Release|Any CPU
	EndGlobalSection
	GlobalSection(ProjectConfigurationPlatforms) = postSolution
		{EA63CD4E-DD0D-4F95-B81B-2BB1ED89F25A}.Debug|Any CPU.ActiveCfg = Debug|Any CPU
		{EA63CD4E-DD0D-4F95-B81B-2BB1ED89F25A}.Debug|Any CPU.Build.0 = Debug|Any CPU
		{EA63CD4E-DD0D-4F95-B81B-2BB1ED89F25A}.Release|Any CPU.ActiveCfg = Release|Any CPU
		{EA63CD4E-DD0D-4F95-B81B-2BB1ED89F25A}.Release|Any CPU.Build.0 = Release|Any CPU
	EndGlobalSection
	GlobalSection(SolutionProperties) = preSolution
		HideSolutionNode = FALSE
	EndGlobalSection
	GlobalSection(ExtensibilityGlobals) = postSolution
		SolutionGuid = {A0D2330C-B6E2-4D05-8A5A-8E594AA7EC0B}
	EndGlobalSection
EndGlobal
